// !$*UTF8*$!
{
	archiveVersion = 1;
	classes = {
	};
	objectVersion = 48;
	objects = {

/* Begin PBXBuildFile section */
		76328F2D205DC9AD003C23C5 /* AppDelegate.swift in Sources */ = {isa = PBXBuildFile; fileRef = 76328F2C205DC9AD003C23C5 /* AppDelegate.swift */; };
		76328F2F205DC9AD003C23C5 /* ViewController.swift in Sources */ = {isa = PBXBuildFile; fileRef = 76328F2E205DC9AD003C23C5 /* ViewController.swift */; };
		76328F32205DC9AD003C23C5 /* Main.storyboard in Resources */ = {isa = PBXBuildFile; fileRef = 76328F30205DC9AD003C23C5 /* Main.storyboard */; };
		76328F35205DC9AD003C23C5 /* SimulatedElon.xcdatamodeld in Sources */ = {isa = PBXBuildFile; fileRef = 76328F33205DC9AD003C23C5 /* SimulatedElon.xcdatamodeld */; };
		76328F37205DC9AD003C23C5 /* Assets.xcassets in Resources */ = {isa = PBXBuildFile; fileRef = 76328F36205DC9AD003C23C5 /* Assets.xcassets */; };
		76328F3A205DC9AD003C23C5 /* LaunchScreen.storyboard in Resources */ = {isa = PBXBuildFile; fileRef = 76328F38205DC9AD003C23C5 /* LaunchScreen.storyboard */; };
		76328F45205DC9AD003C23C5 /* SimulatedElonTests.swift in Sources */ = {isa = PBXBuildFile; fileRef = 76328F44205DC9AD003C23C5 /* SimulatedElonTests.swift */; };
		76328F50205DC9AD003C23C5 /* SimulatedElonUITests.swift in Sources */ = {isa = PBXBuildFile; fileRef = 76328F4F205DC9AD003C23C5 /* SimulatedElonUITests.swift */; };
/* End PBXBuildFile section */

/* Begin PBXContainerItemProxy section */
		76328F41205DC9AD003C23C5 /* PBXContainerItemProxy */ = {
			isa = PBXContainerItemProxy;
			containerPortal = 76328F21205DC9AD003C23C5 /* Project object */;
			proxyType = 1;
			remoteGlobalIDString = 76328F28205DC9AD003C23C5;
			remoteInfo = SimulatedElon;
		};
		76328F4C205DC9AD003C23C5 /* PBXContainerItemProxy */ = {
			isa = PBXContainerItemProxy;
			containerPortal = 76328F21205DC9AD003C23C5 /* Project object */;
			proxyType = 1;
			remoteGlobalIDString = 76328F28205DC9AD003C23C5;
			remoteInfo = SimulatedElon;
		};
/* End PBXContainerItemProxy section */

/* Begin PBXFileReference section */
		76328F29205DC9AD003C23C5 /* SimulatedElon.app */ = {isa = PBXFileReference; explicitFileType = wrapper.application; includeInIndex = 0; path = SimulatedElon.app; sourceTree = BUILT_PRODUCTS_DIR; };
		76328F2C205DC9AD003C23C5 /* AppDelegate.swift */ = {isa = PBXFileReference; lastKnownFileType = sourcecode.swift; path = AppDelegate.swift; sourceTree = "<group>"; };
		76328F2E205DC9AD003C23C5 /* ViewController.swift */ = {isa = PBXFileReference; lastKnownFileType = sourcecode.swift; path = ViewController.swift; sourceTree = "<group>"; };
		76328F31205DC9AD003C23C5 /* Base */ = {isa = PBXFileReference; lastKnownFileType = file.storyboard; name = Base; path = Base.lproj/Main.storyboard; sourceTree = "<group>"; };
		76328F34205DC9AD003C23C5 /* SimulatedElon.xcdatamodel */ = {isa = PBXFileReference; lastKnownFileType = wrapper.xcdatamodel; path = SimulatedElon.xcdatamodel; sourceTree = "<group>"; };
		76328F36205DC9AD003C23C5 /* Assets.xcassets */ = {isa = PBXFileReference; lastKnownFileType = folder.assetcatalog; path = Assets.xcassets; sourceTree = "<group>"; };
		76328F39205DC9AD003C23C5 /* Base */ = {isa = PBXFileReference; lastKnownFileType = file.storyboard; name = Base; path = Base.lproj/LaunchScreen.storyboard; sourceTree = "<group>"; };
		76328F3B205DC9AD003C23C5 /* Info.plist */ = {isa = PBXFileReference; lastKnownFileType = text.plist.xml; path = Info.plist; sourceTree = "<group>"; };
		76328F40205DC9AD003C23C5 /* SimulatedElonTests.xctest */ = {isa = PBXFileReference; explicitFileType = wrapper.cfbundle; includeInIndex = 0; path = SimulatedElonTests.xctest; sourceTree = BUILT_PRODUCTS_DIR; };
		76328F44205DC9AD003C23C5 /* SimulatedElonTests.swift */ = {isa = PBXFileReference; lastKnownFileType = sourcecode.swift; path = SimulatedElonTests.swift; sourceTree = "<group>"; };
		76328F46205DC9AD003C23C5 /* Info.plist */ = {isa = PBXFileReference; lastKnownFileType = text.plist.xml; path = Info.plist; sourceTree = "<group>"; };
		76328F4B205DC9AD003C23C5 /* SimulatedElonUITests.xctest */ = {isa = PBXFileReference; explicitFileType = wrapper.cfbundle; includeInIndex = 0; path = SimulatedElonUITests.xctest; sourceTree = BUILT_PRODUCTS_DIR; };
		76328F4F205DC9AD003C23C5 /* SimulatedElonUITests.swift */ = {isa = PBXFileReference; lastKnownFileType = sourcecode.swift; path = SimulatedElonUITests.swift; sourceTree = "<group>"; };
		76328F51205DC9AD003C23C5 /* Info.plist */ = {isa = PBXFileReference; lastKnownFileType = text.plist.xml; path = Info.plist; sourceTree = "<group>"; };
/* End PBXFileReference section */

/* Begin PBXFrameworksBuildPhase section */
		76328F26205DC9AD003C23C5 /* Frameworks */ = {
			isa = PBXFrameworksBuildPhase;
			buildActionMask = 2147483647;
			files = (
			);
			runOnlyForDeploymentPostprocessing = 0;
		};
		76328F3D205DC9AD003C23C5 /* Frameworks */ = {
			isa = PBXFrameworksBuildPhase;
			buildActionMask = 2147483647;
			files = (
			);
			runOnlyForDeploymentPostprocessing = 0;
		};
		76328F48205DC9AD003C23C5 /* Frameworks */ = {
			isa = PBXFrameworksBuildPhase;
			buildActionMask = 2147483647;
			files = (
			);
			runOnlyForDeploymentPostprocessing = 0;
		};
/* End PBXFrameworksBuildPhase section */

/* Begin PBXGroup section */
		76328F20205DC9AD003C23C5 = {
			isa = PBXGroup;
			children = (
				76328F2B205DC9AD003C23C5 /* SimulatedElon */,
				76328F43205DC9AD003C23C5 /* SimulatedElonTests */,
				76328F4E205DC9AD003C23C5 /* SimulatedElonUITests */,
				76328F2A205DC9AD003C23C5 /* Products */,
			);
			sourceTree = "<group>";
		};
		76328F2A205DC9AD003C23C5 /* Products */ = {
			isa = PBXGroup;
			children = (
				76328F29205DC9AD003C23C5 /* SimulatedElon.app */,
				76328F40205DC9AD003C23C5 /* SimulatedElonTests.xctest */,
				76328F4B205DC9AD003C23C5 /* SimulatedElonUITests.xctest */,
			);
			name = Products;
			sourceTree = "<group>";
		};
		76328F2B205DC9AD003C23C5 /* SimulatedElon */ = {
			isa = PBXGroup;
			children = (
				76328F2C205DC9AD003C23C5 /* AppDelegate.swift */,
				76328F2E205DC9AD003C23C5 /* ViewController.swift */,
				76328F30205DC9AD003C23C5 /* Main.storyboard */,
				76328F36205DC9AD003C23C5 /* Assets.xcassets */,
				76328F38205DC9AD003C23C5 /* LaunchScreen.storyboard */,
				76328F3B205DC9AD003C23C5 /* Info.plist */,
				76328F33205DC9AD003C23C5 /* SimulatedElon.xcdatamodeld */,
			);
			path = SimulatedElon;
			sourceTree = "<group>";
		};
		76328F43205DC9AD003C23C5 /* SimulatedElonTests */ = {
			isa = PBXGroup;
			children = (
				76328F44205DC9AD003C23C5 /* SimulatedElonTests.swift */,
				76328F46205DC9AD003C23C5 /* Info.plist */,
			);
			path = SimulatedElonTests;
			sourceTree = "<group>";
		};
		76328F4E205DC9AD003C23C5 /* SimulatedElonUITests */ = {
			isa = PBXGroup;
			children = (
				76328F4F205DC9AD003C23C5 /* SimulatedElonUITests.swift */,
				76328F51205DC9AD003C23C5 /* Info.plist */,
			);
			path = SimulatedElonUITests;
			sourceTree = "<group>";
		};
/* End PBXGroup section */

/* Begin PBXNativeTarget section */
		76328F28205DC9AD003C23C5 /* SimulatedElon */ = {
			isa = PBXNativeTarget;
			buildConfigurationList = 76328F54205DC9AD003C23C5 /* Build configuration list for PBXNativeTarget "SimulatedElon" */;
			buildPhases = (
				76328F25205DC9AD003C23C5 /* Sources */,
				76328F26205DC9AD003C23C5 /* Frameworks */,
				76328F27205DC9AD003C23C5 /* Resources */,
			);
			buildRules = (
			);
			dependencies = (
			);
			name = SimulatedElon;
			productName = SimulatedElon;
			productReference = 76328F29205DC9AD003C23C5 /* SimulatedElon.app */;
			productType = "com.apple.product-type.application";
		};
		76328F3F205DC9AD003C23C5 /* SimulatedElonTests */ = {
			isa = PBXNativeTarget;
			buildConfigurationList = 76328F57205DC9AD003C23C5 /* Build configuration list for PBXNativeTarget "SimulatedElonTests" */;
			buildPhases = (
				76328F3C205DC9AD003C23C5 /* Sources */,
				76328F3D205DC9AD003C23C5 /* Frameworks */,
				76328F3E205DC9AD003C23C5 /* Resources */,
			);
			buildRules = (
			);
			dependencies = (
				76328F42205DC9AD003C23C5 /* PBXTargetDependency */,
			);
			name = SimulatedElonTests;
			productName = SimulatedElonTests;
			productReference = 76328F40205DC9AD003C23C5 /* SimulatedElonTests.xctest */;
			productType = "com.apple.product-type.bundle.unit-test";
		};
		76328F4A205DC9AD003C23C5 /* SimulatedElonUITests */ = {
			isa = PBXNativeTarget;
			buildConfigurationList = 76328F5A205DC9AD003C23C5 /* Build configuration list for PBXNativeTarget "SimulatedElonUITests" */;
			buildPhases = (
				76328F47205DC9AD003C23C5 /* Sources */,
				76328F48205DC9AD003C23C5 /* Frameworks */,
				76328F49205DC9AD003C23C5 /* Resources */,
			);
			buildRules = (
			);
			dependencies = (
				76328F4D205DC9AD003C23C5 /* PBXTargetDependency */,
			);
			name = SimulatedElonUITests;
			productName = SimulatedElonUITests;
			productReference = 76328F4B205DC9AD003C23C5 /* SimulatedElonUITests.xctest */;
			productType = "com.apple.product-type.bundle.ui-testing";
		};
/* End PBXNativeTarget section */

/* Begin PBXProject section */
		76328F21205DC9AD003C23C5 /* Project object */ = {
			isa = PBXProject;
			attributes = {
				LastSwiftUpdateCheck = 0920;
				LastUpgradeCheck = 0920;
				ORGANIZATIONNAME = "Si Te Feng";
				TargetAttributes = {
					76328F28205DC9AD003C23C5 = {
						CreatedOnToolsVersion = 9.2;
						ProvisioningStyle = Automatic;
					};
					76328F3F205DC9AD003C23C5 = {
						CreatedOnToolsVersion = 9.2;
						ProvisioningStyle = Automatic;
						TestTargetID = 76328F28205DC9AD003C23C5;
					};
					76328F4A205DC9AD003C23C5 = {
						CreatedOnToolsVersion = 9.2;
						ProvisioningStyle = Automatic;
						TestTargetID = 76328F28205DC9AD003C23C5;
					};
				};
			};
			buildConfigurationList = 76328F24205DC9AD003C23C5 /* Build configuration list for PBXProject "SimulatedElon" */;
			compatibilityVersion = "Xcode 8.0";
			developmentRegion = en;
			hasScannedForEncodings = 0;
			knownRegions = (
				en,
				Base,
			);
			mainGroup = 76328F20205DC9AD003C23C5;
			productRefGroup = 76328F2A205DC9AD003C23C5 /* Products */;
			projectDirPath = "";
			projectRoot = "";
			targets = (
				76328F28205DC9AD003C23C5 /* SimulatedElon */,
				76328F3F205DC9AD003C23C5 /* SimulatedElonTests */,
				76328F4A205DC9AD003C23C5 /* SimulatedElonUITests */,
			);
		};
/* End PBXProject section */

/* Begin PBXResourcesBuildPhase section */
		76328F27205DC9AD003C23C5 /* Resources */ = {
			isa = PBXResourcesBuildPhase;
			buildActionMask = 2147483647;
			files = (
				76328F3A205DC9AD003C23C5 /* LaunchScreen.storyboard in Resources */,
				76328F37205DC9AD003C23C5 /* Assets.xcassets in Resources */,
				76328F32205DC9AD003C23C5 /* Main.storyboard in Resources */,
			);
			runOnlyForDeploymentPostprocessing = 0;
		};
		76328F3E205DC9AD003C23C5 /* Resources */ = {
			isa = PBXResourcesBuildPhase;
			buildActionMask = 2147483647;
			files = (
			);
			runOnlyForDeploymentPostprocessing = 0;
		};
		76328F49205DC9AD003C23C5 /* Resources */ = {
			isa = PBXResourcesBuildPhase;
			buildActionMask = 2147483647;
			files = (
			);
			runOnlyForDeploymentPostprocessing = 0;
		};
/* End PBXResourcesBuildPhase section */

/* Begin PBXSourcesBuildPhase section */
		76328F25205DC9AD003C23C5 /* Sources */ = {
			isa = PBXSourcesBuildPhase;
			buildActionMask = 2147483647;
			files = (
				76328F2F205DC9AD003C23C5 /* ViewController.swift in Sources */,
				76328F2D205DC9AD003C23C5 /* AppDelegate.swift in Sources */,
				76328F35205DC9AD003C23C5 /* SimulatedElon.xcdatamodeld in Sources */,
			);
			runOnlyForDeploymentPostprocessing = 0;
		};
		76328F3C205DC9AD003C23C5 /* Sources */ = {
			isa = PBXSourcesBuildPhase;
			buildActionMask = 2147483647;
			files = (
				76328F45205DC9AD003C23C5 /* SimulatedElonTests.swift in Sources */,
			);
			runOnlyForDeploymentPostprocessing = 0;
		};
		76328F47205DC9AD003C23C5 /* Sources */ = {
			isa = PBXSourcesBuildPhase;
			buildActionMask = 2147483647;
			files = (
				76328F50205DC9AD003C23C5 /* SimulatedElonUITests.swift in Sources */,
			);
			runOnlyForDeploymentPostprocessing = 0;
		};
/* End PBXSourcesBuildPhase section */

/* Begin PBXTargetDependency section */
		76328F42205DC9AD003C23C5 /* PBXTargetDependency */ = {
			isa = PBXTargetDependency;
			target = 76328F28205DC9AD003C23C5 /* SimulatedElon */;
			targetProxy = 76328F41205DC9AD003C23C5 /* PBXContainerItemProxy */;
		};
		76328F4D205DC9AD003C23C5 /* PBXTargetDependency */ = {
			isa = PBXTargetDependency;
			target = 76328F28205DC9AD003C23C5 /* SimulatedElon */;
			targetProxy = 76328F4C205DC9AD003C23C5 /* PBXContainerItemProxy */;
		};
/* End PBXTargetDependency section */

/* Begin PBXVariantGroup section */
		76328F30205DC9AD003C23C5 /* Main.storyboard */ = {
			isa = PBXVariantGroup;
			children = (
				76328F31205DC9AD003C23C5 /* Base */,
			);
			name = Main.storyboard;
			sourceTree = "<group>";
		};
		76328F38205DC9AD003C23C5 /* LaunchScreen.storyboard */ = {
			isa = PBXVariantGroup;
			children = (
				76328F39205DC9AD003C23C5 /* Base */,
			);
			name = LaunchScreen.storyboard;
			sourceTree = "<group>";
		};
/* End PBXVariantGroup section */

/* Begin XCBuildConfiguration section */
		76328F52205DC9AD003C23C5 /* Debug */ = {
			isa = XCBuildConfiguration;
			buildSettings = {
				ALWAYS_SEARCH_USER_PATHS = NO;
				CLANG_ANALYZER_NONNULL = YES;
				CLANG_ANALYZER_NUMBER_OBJECT_CONVERSION = YES_AGGRESSIVE;
				CLANG_CXX_LANGUAGE_STANDARD = "gnu++14";
				CLANG_CXX_LIBRARY = "libc++";
				CLANG_ENABLE_MODULES = YES;
				CLANG_ENABLE_OBJC_ARC = YES;
				CLANG_WARN_BLOCK_CAPTURE_AUTORELEASING = YES;
				CLANG_WARN_BOOL_CONVERSION = YES;
				CLANG_WARN_COMMA = YES;
				CLANG_WARN_CONSTANT_CONVERSION = YES;
				CLANG_WARN_DIRECT_OBJC_ISA_USAGE = YES_ERROR;
				CLANG_WARN_DOCUMENTATION_COMMENTS = YES;
				CLANG_WARN_EMPTY_BODY = YES;
				CLANG_WARN_ENUM_CONVERSION = YES;
				CLANG_WARN_INFINITE_RECURSION = YES;
				CLANG_WARN_INT_CONVERSION = YES;
				CLANG_WARN_NON_LITERAL_NULL_CONVERSION = YES;
				CLANG_WARN_OBJC_LITERAL_CONVERSION = YES;
				CLANG_WARN_OBJC_ROOT_CLASS = YES_ERROR;
				CLANG_WARN_RANGE_LOOP_ANALYSIS = YES;
				CLANG_WARN_STRICT_PROTOTYPES = YES;
				CLANG_WARN_SUSPICIOUS_MOVE = YES;
				CLANG_WARN_UNGUARDED_AVAILABILITY = YES_AGGRESSIVE;
				CLANG_WARN_UNREACHABLE_CODE = YES;
				CLANG_WARN__DUPLICATE_METHOD_MATCH = YES;
				CODE_SIGN_IDENTITY = "iPhone Developer";
				COPY_PHASE_STRIP = NO;
				DEBUG_INFORMATION_FORMAT = dwarf;
				ENABLE_STRICT_OBJC_MSGSEND = YES;
				ENABLE_TESTABILITY = YES;
				GCC_C_LANGUAGE_STANDARD = gnu11;
				GCC_DYNAMIC_NO_PIC = NO;
				GCC_NO_COMMON_BLOCKS = YES;
				GCC_OPTIMIZATION_LEVEL = 0;
				GCC_PREPROCESSOR_DEFINITIONS = (
					"DEBUG=1",
					"$(inherited)",
				);
				GCC_WARN_64_TO_32_BIT_CONVERSION = YES;
				GCC_WARN_ABOUT_RETURN_TYPE = YES_ERROR;
				GCC_WARN_UNDECLARED_SELECTOR = YES;
				GCC_WARN_UNINITIALIZED_AUTOS = YES_AGGRESSIVE;
				GCC_WARN_UNUSED_FUNCTION = YES;
				GCC_WARN_UNUSED_VARIABLE = YES;
				IPHONEOS_DEPLOYMENT_TARGET = 11.2;
				MTL_ENABLE_DEBUG_INFO = YES;
				ONLY_ACTIVE_ARCH = YES;
				SDKROOT = iphoneos;
				SWIFT_ACTIVE_COMPILATION_CONDITIONS = DEBUG;
				SWIFT_OPTIMIZATION_LEVEL = "-Onone";
			};
			name = Debug;
		};
		76328F53205DC9AD003C23C5 /* Release */ = {
			isa = XCBuildConfiguration;
			buildSettings = {
				ALWAYS_SEARCH_USER_PATHS = NO;
				CLANG_ANALYZER_NONNULL = YES;
				CLANG_ANALYZER_NUMBER_OBJECT_CONVERSION = YES_AGGRESSIVE;
				CLANG_CXX_LANGUAGE_STANDARD = "gnu++14";
				CLANG_CXX_LIBRARY = "libc++";
				CLANG_ENABLE_MODULES = YES;
				CLANG_ENABLE_OBJC_ARC = YES;
				CLANG_WARN_BLOCK_CAPTURE_AUTORELEASING = YES;
				CLANG_WARN_BOOL_CONVERSION = YES;
				CLANG_WARN_COMMA = YES;
				CLANG_WARN_CONSTANT_CONVERSION = YES;
				CLANG_WARN_DIRECT_OBJC_ISA_USAGE = YES_ERROR;
				CLANG_WARN_DOCUMENTATION_COMMENTS = YES;
				CLANG_WARN_EMPTY_BODY = YES;
				CLANG_WARN_ENUM_CONVERSION = YES;
				CLANG_WARN_INFINITE_RECURSION = YES;
				CLANG_WARN_INT_CONVERSION = YES;
				CLANG_WARN_NON_LITERAL_NULL_CONVERSION = YES;
				CLANG_WARN_OBJC_LITERAL_CONVERSION = YES;
				CLANG_WARN_OBJC_ROOT_CLASS = YES_ERROR;
				CLANG_WARN_RANGE_LOOP_ANALYSIS = YES;
				CLANG_WARN_STRICT_PROTOTYPES = YES;
				CLANG_WARN_SUSPICIOUS_MOVE = YES;
				CLANG_WARN_UNGUARDED_AVAILABILITY = YES_AGGRESSIVE;
				CLANG_WARN_UNREACHABLE_CODE = YES;
				CLANG_WARN__DUPLICATE_METHOD_MATCH = YES;
				CODE_SIGN_IDENTITY = "iPhone Developer";
				COPY_PHASE_STRIP = NO;
				DEBUG_INFORMATION_FORMAT = "dwarf-with-dsym";
				ENABLE_NS_ASSERTIONS = NO;
				ENABLE_STRICT_OBJC_MSGSEND = YES;
				GCC_C_LANGUAGE_STANDARD = gnu11;
				GCC_NO_COMMON_BLOCKS = YES;
				GCC_WARN_64_TO_32_BIT_CONVERSION = YES;
				GCC_WARN_ABOUT_RETURN_TYPE = YES_ERROR;
				GCC_WARN_UNDECLARED_SELECTOR = YES;
				GCC_WARN_UNINITIALIZED_AUTOS = YES_AGGRESSIVE;
				GCC_WARN_UNUSED_FUNCTION = YES;
				GCC_WARN_UNUSED_VARIABLE = YES;
				IPHONEOS_DEPLOYMENT_TARGET = 11.2;
				MTL_ENABLE_DEBUG_INFO = NO;
				SDKROOT = iphoneos;
				SWIFT_OPTIMIZATION_LEVEL = "-Owholemodule";
				VALIDATE_PRODUCT = YES;
			};
			name = Release;
		};
		76328F55205DC9AD003C23C5 /* Debug */ = {
			isa = XCBuildConfiguration;
			buildSettings = {
				ASSETCATALOG_COMPILER_APPICON_NAME = AppIcon;
				CODE_SIGN_STYLE = Automatic;
				DEVELOPMENT_TEAM = 52GHE2Q332;
				INFOPLIST_FILE = SimulatedElon/Info.plist;
				LD_RUNPATH_SEARCH_PATHS = "$(inherited) @executable_path/Frameworks";
				PRODUCT_BUNDLE_IDENTIFIER = com.technochimera.SimulatedElon;
				PRODUCT_NAME = "$(TARGET_NAME)";
				SWIFT_VERSION = 4.0;
				TARGETED_DEVICE_FAMILY = "1,2";
			};
			name = Debug;
		};
		76328F56205DC9AD003C23C5 /* Release */ = {
			isa = XCBuildConfiguration;
			buildSettings = {
				ASSETCATALOG_COMPILER_APPICON_NAME = AppIcon;
				CODE_SIGN_STYLE = Automatic;
				DEVELOPMENT_TEAM = 52GHE2Q332;
				INFOPLIST_FILE = SimulatedElon/Info.plist;
				LD_RUNPATH_SEARCH_PATHS = "$(inherited) @executable_path/Frameworks";
				PRODUCT_BUNDLE_IDENTIFIER = com.technochimera.SimulatedElon;
				PRODUCT_NAME = "$(TARGET_NAME)";
				SWIFT_VERSION = 4.0;
				TARGETED_DEVICE_FAMILY = "1,2";
			};
			name = Release;
		};
		76328F58205DC9AD003C23C5 /* Debug */ = {
			isa = XCBuildConfiguration;
			buildSettings = {
				ALWAYS_EMBED_SWIFT_STANDARD_LIBRARIES = YES;
				BUNDLE_LOADER = "$(TEST_HOST)";
				CODE_SIGN_STYLE = Automatic;
				DEVELOPMENT_TEAM = 52GHE2Q332;
				INFOPLIST_FILE = SimulatedElonTests/Info.plist;
				LD_RUNPATH_SEARCH_PATHS = "$(inherited) @executable_path/Frameworks @loader_path/Frameworks";
				PRODUCT_BUNDLE_IDENTIFIER = com.technochimera.SimulatedElonTests;
				PRODUCT_NAME = "$(TARGET_NAME)";
				SWIFT_VERSION = 4.0;
				TARGETED_DEVICE_FAMILY = "1,2";
				TEST_HOST = "$(BUILT_PRODUCTS_DIR)/SimulatedElon.app/SimulatedElon";
			};
			name = Debug;
		};
		76328F59205DC9AD003C23C5 /* Release */ = {
			isa = XCBuildConfiguration;
			buildSettings = {
				ALWAYS_EMBED_SWIFT_STANDARD_LIBRARIES = YES;
				BUNDLE_LOADER = "$(TEST_HOST)";
				CODE_SIGN_STYLE = Automatic;
				DEVELOPMENT_TEAM = 52GHE2Q332;
				INFOPLIST_FILE = SimulatedElonTests/Info.plist;
				LD_RUNPATH_SEARCH_PATHS = "$(inherited) @executable_path/Frameworks @loader_path/Frameworks";
				PRODUCT_BUNDLE_IDENTIFIER = com.technochimera.SimulatedElonTests;
				PRODUCT_NAME = "$(TARGET_NAME)";
				SWIFT_VERSION = 4.0;
				TARGETED_DEVICE_FAMILY = "1,2";
				TEST_HOST = "$(BUILT_PRODUCTS_DIR)/SimulatedElon.app/SimulatedElon";
			};
			name = Release;
		};
		76328F5B205DC9AD003C23C5 /* Debug */ = {
			isa = XCBuildConfiguration;
			buildSettings = {
				ALWAYS_EMBED_SWIFT_STANDARD_LIBRARIES = YES;
				CODE_SIGN_STYLE = Automatic;
				DEVELOPMENT_TEAM = 52GHE2Q332;
				INFOPLIST_FILE = SimulatedElonUITests/Info.plist;
				LD_RUNPATH_SEARCH_PATHS = "$(inherited) @executable_path/Frameworks @loader_path/Frameworks";
				PRODUCT_BUNDLE_IDENTIFIER = com.technochimera.SimulatedElonUITests;
				PRODUCT_NAME = "$(TARGET_NAME)";
				SWIFT_VERSION = 4.0;
				TARGETED_DEVICE_FAMILY = "1,2";
				TEST_TARGET_NAME = SimulatedElon;
			};
			name = Debug;
		};
		76328F5C205DC9AD003C23C5 /* Release */ = {
			isa = XCBuildConfiguration;
			buildSettings = {
				ALWAYS_EMBED_SWIFT_STANDARD_LIBRARIES = YES;
				CODE_SIGN_STYLE = Automatic;
				DEVELOPMENT_TEAM = 52GHE2Q332;
				INFOPLIST_FILE = SimulatedElonUITests/Info.plist;
				LD_RUNPATH_SEARCH_PATHS = "$(inherited) @executable_path/Frameworks @loader_path/Frameworks";
				PRODUCT_BUNDLE_IDENTIFIER = com.technochimera.SimulatedElonUITests;
				PRODUCT_NAME = "$(TARGET_NAME)";
				SWIFT_VERSION = 4.0;
				TARGETED_DEVICE_FAMILY = "1,2";
				TEST_TARGET_NAME = SimulatedElon;
			};
			name = Release;
		};
/* End XCBuildConfiguration section */

/* Begin XCConfigurationList section */
		76328F24205DC9AD003C23C5 /* Build configuration list for PBXProject "SimulatedElon" */ = {
			isa = XCConfigurationList;
			buildConfigurations = (
				76328F52205DC9AD003C23C5 /* Debug */,
				76328F53205DC9AD003C23C5 /* Release */,
			);
			defaultConfigurationIsVisible = 0;
			defaultConfigurationName = Release;
		};
		76328F54205DC9AD003C23C5 /* Build configuration list for PBXNativeTarget "SimulatedElon" */ = {
			isa = XCConfigurationList;
			buildConfigurations = (
				76328F55205DC9AD003C23C5 /* Debug */,
				76328F56205DC9AD003C23C5 /* Release */,
			);
			defaultConfigurationIsVisible = 0;
			defaultConfigurationName = Release;
		};
		76328F57205DC9AD003C23C5 /* Build configuration list for PBXNativeTarget "SimulatedElonTests" */ = {
			isa = XCConfigurationList;
			buildConfigurations = (
				76328F58205DC9AD003C23C5 /* Debug */,
				76328F59205DC9AD003C23C5 /* Release */,
			);
			defaultConfigurationIsVisible = 0;
			defaultConfigurationName = Release;
		};
		76328F5A205DC9AD003C23C5 /* Build configuration list for PBXNativeTarget "SimulatedElonUITests" */ = {
			isa = XCConfigurationList;
			buildConfigurations = (
				76328F5B205DC9AD003C23C5 /* Debug */,
				76328F5C205DC9AD003C23C5 /* Release */,
			);
			defaultConfigurationIsVisible = 0;
			defaultConfigurationName = Release;
		};
/* End XCConfigurationList section */

/* Begin XCVersionGroup section */
		76328F33205DC9AD003C23C5 /* SimulatedElon.xcdatamodeld */ = {
			isa = XCVersionGroup;
			children = (
				76328F34205DC9AD003C23C5 /* SimulatedElon.xcdatamodel */,
			);
			currentVersion = 76328F34205DC9AD003C23C5 /* SimulatedElon.xcdatamodel */;
			path = SimulatedElon.xcdatamodeld;
			sourceTree = "<group>";
			versionGroupType = wrapper.xcdatamodel;
		};
/* End XCVersionGroup section */
	};
	rootObject = 76328F21205DC9AD003C23C5 /* Project object */;
}
